github.com/davecgh/go-spew v1.1.0 h1:ZDRjVQ15GmhC3fiQ8ni8+OwkZQO4DARzQgrnXU1Liz8=
github.com/davecgh/go-spew v1.1.0/go.mod h1:J7Y8YcW2NihsgmVo/mv3lAwl/skON4iLHjSsI+c5H38=
github.com/davyxu/cellnet v0.0.0-20190129035837-c6f7cde394df h1:GBPkQU7T/gpN5Y947y+BjdzQiiRO2FmjdB6idSX+4e4=
github.com/davyxu/cellnet v0.0.0-20190129035837-c6f7cde394df/go.mod h1:YyjRD4BinuDQmXWX7iHjPtnVf3qp2EzVN2/7P/8GKXE=
github.com/davyxu/golexer v0.0.0-20180314091252-f048a86ae200 h1:qLWlQBFg5c7HUOK+UdoGouLzRaYBQr2WwoAqixU+eik=
github.com/davyxu/golexer v0.0.0-20180314091252-f048a86ae200/go.mod h1:K/1PVWqaQEwMs+N+VvaoS66o1BAAwso+jEgXKBIa8QY=
github.com/davyxu/golog v0.0.0-20190111014331-50a555c00fbc h1:knkOn/soMS8Z5AtNN1YHah6ASKWwTQMBktur0z+f1P0=
github.com/davyxu/golog v0.0.0-20190111014331-50a555c00fbc/go.mod h1:YwChkFY5dCYt77yuPlWjcR6KlWqVJNbz3WkwC/8WgQk=
github.com/davyxu/goobjfmt v0.0.0-20180817064625-baf5de0715b1 h1:urNxIzEtVBfreAYtgN5psxyhZDu/nhePQvzY2CR5Lfk=
github.com/davyxu/goobjfmt v0.0.0-20180817064625-baf5de0715b1/go.mod h1:KKrytCtCXny2sEg3ojQfJ4NThhBP8hKw/qM9vhDwgog=
github.com/davyxu/pbmeta v0.0.0-20180322115955-17ce9b4f3b9b h1:lQB4EuTdM7ZHroyO30bdqnjANcL2cZ4NZmeuw4CADjQ=
github.com/davyxu/pbmeta v0.0.0-20180322115955-17ce9b4f3b9b/go.mod h1:Yg6MRb9UOvjc9EXuO/oTEmYuJObz4QLJIjX/3Z1n+lQ=
github.com/davyxu/protoplus v0.0.0-20190129115832-706c33442d1a h1:ipVLnmcaay4CqEg/rhc2xgqkGgDyxEGnOXLW6Dy03/s=
github.com/davyxu/protoplus v0.0.0-20190129115832-706c33442d1a/go.mod h1:WzmNYPvYsyks3G81jCJ/vGY2ljs49qFMfCmXGwvxFLA=
github.com/go-sql-driver/mysql v1.4.1 h1:g24URVg0OFbNUTx9qqY1IRZ9D9z3iPyi5zKhQZpNwpA=
github.com/go-sql-driver/mysql v1.4.1/go.mod h1:zAC/RDZ24gD3HViQzih4MyKcchzm+sOG5ZlKdlhCg5w=
github.com/gogo/protobuf v1.2.0 h1:xU6/SpYbvkNYiptHJYEDRseDLvYE7wSqhYYNy0QSUzI=
github.com/gogo/protobuf v1.2.0/go.mod h1:r8qH/GZQm5c6nD/R0oafs1akxWv10x8SbQlK7atdtwQ=
github.com/gorilla/websocket v1.4.0 h1:WDFjx/TMzVgy9VdMMQi2K2Emtwi2QcUQsztZ/zLaH/Q=
github.com/gorilla/websocket v1.4.0/go.mod h1:E7qHFY5m1UJ88s3WnNqhKjPHQ0heANvMoAMk2YaljkQ=
github.com/mediocregopher/radix.v2 v0.0.0-20181115013041-b67df6e626f9 h1:ViNuGS149jgnttqhc6XQNPwdupEMBXqCx9wtlW7P3sA=
github.com/mediocregopher/radix.v2 v0.0.0-20181115013041-b67df6e626f9/go.mod h1:fLRUbhbSd5Px2yKUaGYYPltlyxi1guJz1vCmo1RQL50=
github.com/pmezard/go-difflib v1.0.0 h1:4DBwDE0NGyQoBHbLQYPwSUPoCMWR5BEzIk/f1lZbAQM=
github.com/pmezard/go-difflib v1.0.0/go.mod h1:iKH77koFhYxTK1pcRnkKkqfTogsbg7gZNVY4sRDYZ/4=
github.com/stretchr/objx v0.1.0/go.mod h1:HFkY916IF+rwdDfMAkV7OtwuqBVzrE8GR6GFx+wExME=
github.com/stretchr/testify v1.3.0 h1:TivCn/peBQ7UY8ooIcPgZFpTNSz0Q2U6UrFlUfqbe0Q=
github.com/stretchr/testify v1.3.0/go.mod h1:M5WIy9Dh21IEIfnGCwXGc5bZfKNJtfHm1UVUgZn+9EI=
